
Microsoft Visual Studio Solution File, Format Version 12.00
# Visual Studio Version 17
VisualStudioVersion = 17.14.36109.1 d17.14
MinimumVisualStudioVersion = 10.0.40219.1
Project("{FAE04EC0-301F-11D3-BF4B-00C04F79EFBC}") = "noteoad", "noteoad\noteoad.csproj", "{EF9868D7-179F-465A-A925-230FE73F0C07}"
EndProject
Global
	GlobalSection(SolutionConfigurationPlatforms) = preSolution
		Debug|Any CPU = Debug|Any CPU
		Release|Any CPU = Release|Any CPU
	EndGlobalSection
	GlobalSection(ProjectConfigurationPlatforms) = postSolution
		{EF9868D7-179F-465A-A925-230FE73F0C07}.Debug|Any CPU.ActiveCfg = Debug|Any CPU
		{EF9868D7-179F-465A-A925-230FE73F0C07}.Debug|Any CPU.Build.0 = Debug|Any CPU
		{EF9868D7-179F-465A-A925-230FE73F0C07}.Release|Any CPU.ActiveCfg = Release|Any CPU
		{EF9868D7-179F-465A-A925-230FE73F0C07}.Release|Any CPU.Build.0 = Release|Any CPU
	EndGlobalSection
	GlobalSection(SolutionProperties) = preSolution
		HideSolutionNode = FALSE
	EndGlobalSection
	GlobalSection(ExtensibilityGlobals) = postSolution
		SolutionGuid = {DB5D87A1-E66E-4DF5-8F0E-CB8A87222AB8}
	EndGlobalSection
EndGlobal
